
Microsoft Visual Studio Solution File, Format Version 12.00
# Visual Studio Version 16
VisualStudioVersion = 16.0.30002.166
MinimumVisualStudioVersion = 10.0.40219.1
Project("{FAE04EC0-301F-11D3-BF4B-00C04F79EFBC}") = "LinkedListProj", "LinkedListProj\LinkedListProj.csproj", "{55F5C7D0-AD78-4C66-8189-98E7D34C4AC1}"
EndProject
Project("{FAE04EC0-301F-11D3-BF4B-00C04F79EFBC}") = "LinkedListNewImp", "InBuiltLinkedList\LinkedListNewImp.csproj", "{43F344A9-A35A-48A2-803D-836C31D06D3B}"
EndProject
Project("{FAE04EC0-301F-11D3-BF4B-00C04F79EFBC}") = "BinaryTree", "BinaryTree\BinaryTree.csproj", "{C7FFED3F-1276-413C-A752-C52A30F83357}"
EndProject
Project("{FAE04EC0-301F-11D3-BF4B-00C04F79EFBC}") = "AdjacencyLinkedLists", "AdjacencyLinkedLists\AdjacencyLinkedLists.csproj", "{F40BD4C9-3920-45BE-9D08-A999EE60DE06}"
EndProject
Global
	GlobalSection(SolutionConfigurationPlatforms) = preSolution
		Debug|Any CPU = Debug|Any CPU
		Release|Any CPU = Release|Any CPU
	EndGlobalSection
	GlobalSection(ProjectConfigurationPlatforms) = postSolution
		{55F5C7D0-AD78-4C66-8189-98E7D34C4AC1}.Debug|Any CPU.ActiveCfg = Debug|Any CPU
		{55F5C7D0-AD78-4C66-8189-98E7D34C4AC1}.Debug|Any CPU.Build.0 = Debug|Any CPU
		{55F5C7D0-AD78-4C66-8189-98E7D34C4AC1}.Release|Any CPU.ActiveCfg = Release|Any CPU
		{55F5C7D0-AD78-4C66-8189-98E7D34C4AC1}.Release|Any CPU.Build.0 = Release|Any CPU
		{43F344A9-A35A-48A2-803D-836C31D06D3B}.Debug|Any CPU.ActiveCfg = Debug|Any CPU
		{43F344A9-A35A-48A2-803D-836C31D06D3B}.Debug|Any CPU.Build.0 = Debug|Any CPU
		{43F344A9-A35A-48A2-803D-836C31D06D3B}.Release|Any CPU.ActiveCfg = Release|Any CPU
		{43F344A9-A35A-48A2-803D-836C31D06D3B}.Release|Any CPU.Build.0 = Release|Any CPU
		{C7FFED3F-1276-413C-A752-C52A30F83357}.Debug|Any CPU.ActiveCfg = Debug|Any CPU
		{C7FFED3F-1276-413C-A752-C52A30F83357}.Debug|Any CPU.Build.0 = Debug|Any CPU
		{C7FFED3F-1276-413C-A752-C52A30F83357}.Release|Any CPU.ActiveCfg = Release|Any CPU
		{C7FFED3F-1276-413C-A752-C52A30F83357}.Release|Any CPU.Build.0 = Release|Any CPU
		{F40BD4C9-3920-45BE-9D08-A999EE60DE06}.Debug|Any CPU.ActiveCfg = Debug|Any CPU
		{F40BD4C9-3920-45BE-9D08-A999EE60DE06}.Debug|Any CPU.Build.0 = Debug|Any CPU
		{F40BD4C9-3920-45BE-9D08-A999EE60DE06}.Release|Any CPU.ActiveCfg = Release|Any CPU
		{F40BD4C9-3920-45BE-9D08-A999EE60DE06}.Release|Any CPU.Build.0 = Release|Any CPU
	EndGlobalSection
	GlobalSection(SolutionProperties) = preSolution
		HideSolutionNode = FALSE
	EndGlobalSection
	GlobalSection(ExtensibilityGlobals) = postSolution
		SolutionGuid = {2E721B38-8280-43D4-8397-37FE962F93FA}
	EndGlobalSection
EndGlobal
