
Microsoft Visual Studio Solution File, Format Version 12.00
# Visual Studio Version 16
VisualStudioVersion = 16.0.29613.14
MinimumVisualStudioVersion = 10.0.40219.1
Project("{FAE04EC0-301F-11D3-BF4B-00C04F79EFBC}") = "WebAPIAuth", "WebAPIAuth\WebAPIAuth.csproj", "{A3C15031-73F5-4E46-A4E9-466D8F2DFAF5}"
EndProject
Global
	GlobalSection(SolutionConfigurationPlatforms) = preSolution
		Debug|Any CPU = Debug|Any CPU
		Release|Any CPU = Release|Any CPU
	EndGlobalSection
	GlobalSection(ProjectConfigurationPlatforms) = postSolution
		{A3C15031-73F5-4E46-A4E9-466D8F2DFAF5}.Debug|Any CPU.ActiveCfg = Debug|Any CPU
		{A3C15031-73F5-4E46-A4E9-466D8F2DFAF5}.Debug|Any CPU.Build.0 = Debug|Any CPU
		{A3C15031-73F5-4E46-A4E9-466D8F2DFAF5}.Release|Any CPU.ActiveCfg = Release|Any CPU
		{A3C15031-73F5-4E46-A4E9-466D8F2DFAF5}.Release|Any CPU.Build.0 = Release|Any CPU
	EndGlobalSection
	GlobalSection(SolutionProperties) = preSolution
		HideSolutionNode = FALSE
	EndGlobalSection
	GlobalSection(ExtensibilityGlobals) = postSolution
		SolutionGuid = {A6387A9E-5243-486D-AD5A-0AD69415FED5}
	EndGlobalSection
EndGlobal
